<?xml version="1.0" encoding="utf-8"?>
<Project ToolsVersion="4.0" xmlns="http://schemas.microsoft.com/developer/msbuild/2003">
  <ItemGroup>
    <Filter Include="Source Files">
      <UniqueIdentifier>{4FC737F1-C7A5-4376-A066-2A32D752A2FF}</UniqueIdentifier>
      <Extensions>cpp;c;cc;cxx;c++;cppm;ixx;def;odl;idl;hpj;bat;asm;asmx</Extensions>
    </Filter>
    <Filter Include="Header Files">
      <UniqueIdentifier>{93995380-89BD-4b04-88EB-625FBE52EBFB}</UniqueIdentifier>
      <Extensions>h;hh;hpp;hxx;h++;hm;inl;inc;ipp;xsd</Extensions>
    </Filter>
    <Filter Include="Resource Files">
      <UniqueIdentifier>{67DA6AB6-F800-4c08-8B7A-83BB121AAD01}</UniqueIdentifier>
      <Extensions>rc;ico;cur;bmp;dlg;rc2;rct;bin;rgs;gif;jpg;jpeg;jpe;resx;tiff;tif;png;wav;mfcribbon-ms</Extensions>
    </Filter>
    <Filter Include="Header Files\Map">
      <UniqueIdentifier>{d907a127-d997-4f6e-8147-0c603c22978e}</UniqueIdentifier>
    </Filter>
    <Filter Include="Header Files\Map\Constants">
      <UniqueIdentifier>{196c42e3-cc2e-466f-b0fb-455d77c0e1ab}</UniqueIdentifier>
    </Filter>
  </ItemGroup>
  <ItemGroup>
    <ClCompile Include="h3mparser.cpp">
      <Filter>Source Files</Filter>
    </ClCompile>
    <ClCompile Include="parseh3m.cpp">
      <Filter>Source Files</Filter>
    </ClCompile>
    <ClCompile Include="writeText.cpp">
      <Filter>Source Files</Filter>
    </ClCompile>
    <ClCompile Include="writeh3m.cpp">
      <Filter>Source Files</Filter>
    </ClCompile>
  </ItemGroup>
  <ItemGroup>
    <ClInclude Include="Map\Constants\TerrainType.h">
      <Filter>Header Files\Map\Constants</Filter>
    </ClInclude>
    <ClInclude Include="Map\Constants\HeroType.h">
      <Filter>Header Files\Map\Constants</Filter>
    </ClInclude>
    <ClInclude Include="Map\Constants\RiverType.h">
      <Filter>Header Files\Map\Constants</Filter>
    </ClInclude>
    <ClInclude Include="Map\Constants\RoadType.h">
      <Filter>Header Files\Map\Constants</Filter>
    </ClInclude>
    <ClInclude Include="Map\Constants\Constants.h">
      <Filter>Header Files\Map\Constants</Filter>
    </ClInclude>
    <ClInclude Include="Map\Constants\VictoryConditionType.h">
      <Filter>Header Files\Map\Constants</Filter>
    </ClInclude>
    <ClInclude Include="Map\Constants\LossConditionType.h">
      <Filter>Header Files\Map\Constants</Filter>
    </ClInclude>
    <ClInclude Include="Map\Constants\PlayerBehavior.h">
      <Filter>Header Files\Map\Constants</Filter>
    </ClInclude>
    <ClInclude Include="parseh3m.h">
      <Filter>Header Files</Filter>
    </ClInclude>
    <ClInclude Include="Map\Constants\MapFormat.h">
      <Filter>Header Files\Map\Constants</Filter>
    </ClInclude>
    <ClInclude Include="Map\Constants\MapDifficulty.h">
      <Filter>Header Files\Map\Constants</Filter>
    </ClInclude>
    <ClInclude Include="Map\Constants\TownType.h">
      <Filter>Header Files\Map\Constants</Filter>
    </ClInclude>
    <ClInclude Include="Map\Constants\CreatureType.h">
      <Filter>Header Files\Map\Constants</Filter>
    </ClInclude>
    <ClInclude Include="Map\Constants\ResourceType.h">
      <Filter>Header Files\Map\Constants</Filter>
    </ClInclude>
    <ClInclude Include="writeText.h">
      <Filter>Header Files</Filter>
    </ClInclude>
    <ClInclude Include="H3MFwd.h">
      <Filter>Header Files</Filter>
    </ClInclude>
    <ClInclude Include="Map\Constants\Gender.h">
      <Filter>Header Files\Map\Constants</Filter>
    </ClInclude>
    <ClInclude Include="Map\Constants\SecondarySkillType.h">
      <Filter>Header Files\Map\Constants</Filter>
    </ClInclude>
    <ClInclude Include="Map\Base.h">
      <Filter>Header Files\Map</Filter>
    </ClInclude>
    <ClInclude Include="Map\BitSet.h">
      <Filter>Header Files\Map</Filter>
    </ClInclude>
    <ClInclude Include="Map\GlobalEvent.h">
      <Filter>Header Files\Map</Filter>
    </ClInclude>
    <ClInclude Include="Map\HeroSettings.h">
      <Filter>Header Files\Map</Filter>
    </ClInclude>
    <ClInclude Include="Map\LossCondition.h">
      <Filter>Header Files\Map</Filter>
    </ClInclude>
    <ClInclude Include="Map\Map.h">
      <Filter>Header Files\Map</Filter>
    </ClInclude>
    <ClInclude Include="Map\MapAdditionalInfo.h">
      <Filter>Header Files\Map</Filter>
    </ClInclude>
    <ClInclude Include="Map\MapBasicInfo.h">
      <Filter>Header Files\Map</Filter>
    </ClInclude>
    <ClInclude Include="Map\PlayerSpecs.h">
      <Filter>Header Files\Map</Filter>
    </ClInclude>
    <ClInclude Include="Map\Tile.h">
      <Filter>Header Files\Map</Filter>
    </ClInclude>
    <ClInclude Include="Map\VictoryCondition.h">
      <Filter>Header Files\Map</Filter>
    </ClInclude>
    <ClInclude Include="Map\ObjectAttributes.h">
      <Filter>Header Files\Map</Filter>
    </ClInclude>
    <ClInclude Include="Map\Constants\ObjectGroup.h">
      <Filter>Header Files\Map\Constants</Filter>
    </ClInclude>
    <ClInclude Include="writeh3m.h">
      <Filter>Header Files</Filter>
    </ClInclude>
    <ClInclude Include="Map\ObjectDetails.h">
      <Filter>Header Files\Map</Filter>
    </ClInclude>
    <ClInclude Include="Map\Constants\MetaObjectType.h">
      <Filter>Header Files\Map\Constants</Filter>
    </ClInclude>
    <ClInclude Include="Map\Constants\ObjectClass.h">
      <Filter>Header Files\Map\Constants</Filter>
    </ClInclude>
    <ClInclude Include="Map\PrimarySkills.h">
      <Filter>Header Files\Map</Filter>
    </ClInclude>
    <ClInclude Include="Map\SecondarySkill.h">
      <Filter>Header Files\Map</Filter>
    </ClInclude>
    <ClInclude Include="Map\CreatureStack.h">
      <Filter>Header Files\Map</Filter>
    </ClInclude>
    <ClInclude Include="Map\Constants\SpellType.h">
      <Filter>Header Files\Map\Constants</Filter>
    </ClInclude>
    <ClInclude Include="Map\Constants\ScholarRewardType.h">
      <Filter>Header Files\Map\Constants</Filter>
    </ClInclude>
    <ClInclude Include="Map\Constants\Disposition.h">
      <Filter>Header Files\Map\Constants</Filter>
    </ClInclude>
  </ItemGroup>
</Project>