<?xml version="1.0" encoding="utf-8"?>
<Project ToolsVersion="4.0" xmlns="http://schemas.microsoft.com/developer/msbuild/2003">
  <ItemGroup>
    <Filter Include="Source Files">
      <UniqueIdentifier>{4FC737F1-C7A5-4376-A066-2A32D752A2FF}</UniqueIdentifier>
      <Extensions>cpp;c;cc;cxx;c++;cppm;ixx;def;odl;idl;hpj;bat;asm;asmx</Extensions>
    </Filter>
    <Filter Include="Header Files">
      <UniqueIdentifier>{93995380-89BD-4b04-88EB-625FBE52EBFB}</UniqueIdentifier>
      <Extensions>h;hh;hpp;hxx;h++;hm;inl;inc;ipp;xsd</Extensions>
    </Filter>
    <Filter Include="Resource Files">
      <UniqueIdentifier>{67DA6AB6-F800-4c08-8B7A-83BB121AAD01}</UniqueIdentifier>
      <Extensions>rc;ico;cur;bmp;dlg;rc2;rct;bin;rgs;gif;jpg;jpeg;jpe;resx;tiff;tif;png;wav;mfcribbon-ms</Extensions>
    </Filter>
  </ItemGroup>
  <ItemGroup>
    <ClCompile Include="writeH3mJson.cpp">
      <Filter>Source Files</Filter>
    </ClCompile>
    <ClCompile Include="getEnumString.cpp">
      <Filter>Source Files</Filter>
    </ClCompile>
    <ClCompile Include="writeTimedEventBase.cpp">
      <Filter>Source Files</Filter>
    </ClCompile>
    <ClCompile Include="writeMap.cpp">
      <Filter>Source Files</Filter>
    </ClCompile>
  </ItemGroup>
  <ItemGroup>
    <ClInclude Include="writeH3mJson.h">
      <Filter>Header Files</Filter>
    </ClInclude>
    <ClInclude Include="writeMapBasicInfo.h">
      <Filter>Header Files</Filter>
    </ClInclude>
    <ClInclude Include="writePlayerSpecs.h">
      <Filter>Header Files</Filter>
    </ClInclude>
    <ClInclude Include="writeVictoryCondition.h">
      <Filter>Header Files</Filter>
    </ClInclude>
    <ClInclude Include="writeLossCondition.h">
      <Filter>Header Files</Filter>
    </ClInclude>
    <ClInclude Include="writeObjectAttributes.h">
      <Filter>Header Files</Filter>
    </ClInclude>
    <ClInclude Include="writeTile.h">
      <Filter>Header Files</Filter>
    </ClInclude>
    <ClInclude Include="writePrimarySkills.h">
      <Filter>Header Files</Filter>
    </ClInclude>
    <ClInclude Include="writeHeroArtifacts.h">
      <Filter>Header Files</Filter>
    </ClInclude>
    <ClInclude Include="writeSecondarySkill.h">
      <Filter>Header Files</Filter>
    </ClInclude>
    <ClInclude Include="writeMapAdditionalInfo.h">
      <Filter>Header Files</Filter>
    </ClInclude>
    <ClInclude Include="writeSecondarySkillsBitmask.h">
      <Filter>Header Files</Filter>
    </ClInclude>
    <ClInclude Include="writeSpellsBitmask.h">
      <Filter>Header Files</Filter>
    </ClInclude>
    <ClInclude Include="writeTimedEventBase.h">
      <Filter>Header Files</Filter>
    </ClInclude>
    <ClInclude Include="writeGlobalEvent.h">
      <Filter>Header Files</Filter>
    </ClInclude>
    <ClInclude Include="writeResources.h">
      <Filter>Header Files</Filter>
    </ClInclude>
    <ClInclude Include="writePlayersBitmask.h">
      <Filter>Header Files</Filter>
    </ClInclude>
    <ClInclude Include="writeObjectDetailsData.h">
      <Filter>Header Files</Filter>
    </ClInclude>
    <ClInclude Include="getEnumString.h">
      <Filter>Header Files</Filter>
    </ClInclude>
    <ClInclude Include="writeQuest.h">
      <Filter>Header Files</Filter>
    </ClInclude>
    <ClInclude Include="writeCreatureStack.h">
      <Filter>Header Files</Filter>
    </ClInclude>
    <ClInclude Include="writeReward.h">
      <Filter>Header Files</Filter>
    </ClInclude>
    <ClInclude Include="H3MJsonWriter.h">
      <Filter>Header Files</Filter>
    </ClInclude>
    <ClInclude Include="writeTownsBitmask.h">
      <Filter>Header Files</Filter>
    </ClInclude>
    <ClInclude Include="writeArtifactsBitmask.h">
      <Filter>Header Files</Filter>
    </ClInclude>
    <ClInclude Include="writeMap.h">
      <Filter>Header Files</Filter>
    </ClInclude>
  </ItemGroup>
</Project>