<?xml version="1.0" encoding="utf-8"?>
<Project ToolsVersion="4.0" xmlns="http://schemas.microsoft.com/developer/msbuild/2003">
  <ItemGroup>
    <ClCompile Include="parseh3.cpp">
      <Filter>Source Files</Filter>
    </ClCompile>
    <ClCompile Include="parseh3c.cpp">
      <Filter>Source Files</Filter>
    </ClCompile>
    <ClCompile Include="parseh3m.cpp">
      <Filter>Source Files</Filter>
    </ClCompile>
    <ClCompile Include="readCampaignHeader.cpp">
      <Filter>Source Files</Filter>
    </ClCompile>
    <ClCompile Include="readCampaignScenario.cpp">
      <Filter>Source Files</Filter>
    </ClCompile>
    <ClCompile Include="readCreatureStack.cpp">
      <Filter>Source Files</Filter>
    </ClCompile>
    <ClCompile Include="readHeroArtifacts.cpp">
      <Filter>Source Files</Filter>
    </ClCompile>
    <ClCompile Include="readMap.cpp">
      <Filter>Source Files</Filter>
    </ClCompile>
    <ClCompile Include="readObjectDetails.cpp">
      <Filter>Source Files</Filter>
    </ClCompile>
    <ClCompile Include="readPrimarySkills.cpp">
      <Filter>Source Files</Filter>
    </ClCompile>
    <ClCompile Include="readQuest.cpp">
      <Filter>Source Files</Filter>
    </ClCompile>
    <ClCompile Include="readResources.cpp">
      <Filter>Source Files</Filter>
    </ClCompile>
    <ClCompile Include="readReward.cpp">
      <Filter>Source Files</Filter>
    </ClCompile>
    <ClCompile Include="readSecondarySkill.cpp">
      <Filter>Source Files</Filter>
    </ClCompile>
    <ClCompile Include="readSecondarySkillsVector.cpp">
      <Filter>Source Files</Filter>
    </ClCompile>
    <ClCompile Include="readStartingBonus.cpp">
      <Filter>Source Files</Filter>
    </ClCompile>
    <ClCompile Include="readStartingOptions.cpp">
      <Filter>Source Files</Filter>
    </ClCompile>
    <ClCompile Include="readTimedEventBase.cpp">
      <Filter>Source Files</Filter>
    </ClCompile>
    <ClCompile Include="readVictoryCondition.cpp">
      <Filter>Source Files</Filter>
    </ClCompile>
    <ClCompile Include="Utils.cpp">
      <Filter>Source Files</Filter>
    </ClCompile>
  </ItemGroup>
  <ItemGroup>
    <ClInclude Include="H3Reader.h">
      <Filter>Header Files</Filter>
    </ClInclude>
    <ClInclude Include="IntegerWidth.h">
      <Filter>Header Files</Filter>
    </ClInclude>
    <ClInclude Include="parseh3m.h">
      <Filter>Header Files</Filter>
    </ClInclude>
    <ClInclude Include="parseh3c.h">
      <Filter>Header Files</Filter>
    </ClInclude>
    <ClInclude Include="parseh3.h">
      <Filter>Header Files</Filter>
    </ClInclude>
    <ClInclude Include="readSecondarySkillsVector.h">
      <Filter>Header Files</Filter>
    </ClInclude>
    <ClInclude Include="Utils.h">
      <Filter>Header Files</Filter>
    </ClInclude>
  </ItemGroup>
  <ItemGroup>
    <Filter Include="Header Files">
      <UniqueIdentifier>{a6c9ab70-89a7-4a5d-ac71-6ed1886b9642}</UniqueIdentifier>
    </Filter>
    <Filter Include="Source Files">
      <UniqueIdentifier>{bc899def-431b-42a1-9d93-119920af23ee}</UniqueIdentifier>
    </Filter>
    <Filter Include="Resource Files">
      <UniqueIdentifier>{b508da06-d702-450d-a044-aa6045ae95f2}</UniqueIdentifier>
    </Filter>
  </ItemGroup>
</Project>