<?xml version="1.0" encoding="utf-8"?>
<Project ToolsVersion="4.0" xmlns="http://schemas.microsoft.com/developer/msbuild/2003">
  <ItemGroup>
    <Filter Include="Source Files">
      <UniqueIdentifier>{4FC737F1-C7A5-4376-A066-2A32D752A2FF}</UniqueIdentifier>
      <Extensions>cpp;c;cc;cxx;c++;cppm;ixx;def;odl;idl;hpj;bat;asm;asmx</Extensions>
    </Filter>
    <Filter Include="Header Files">
      <UniqueIdentifier>{93995380-89BD-4b04-88EB-625FBE52EBFB}</UniqueIdentifier>
      <Extensions>h;hh;hpp;hxx;h++;hm;inl;inc;ipp;xsd</Extensions>
    </Filter>
    <Filter Include="Resource Files">
      <UniqueIdentifier>{67DA6AB6-F800-4c08-8B7A-83BB121AAD01}</UniqueIdentifier>
      <Extensions>rc;ico;cur;bmp;dlg;rc2;rct;bin;rgs;gif;jpg;jpeg;jpe;resx;tiff;tif;png;wav;mfcribbon-ms</Extensions>
    </Filter>
  </ItemGroup>
  <ItemGroup>
    <ClInclude Include="parseh3m.h">
      <Filter>Header Files</Filter>
    </ClInclude>
    <ClInclude Include="readObjectDetails.h">
      <Filter>Header Files</Filter>
    </ClInclude>
    <ClInclude Include="Utils.h">
      <Filter>Header Files</Filter>
    </ClInclude>
    <ClInclude Include="readHeroArtifacts.h">
      <Filter>Header Files</Filter>
    </ClInclude>
    <ClInclude Include="readPrimarySkills.h">
      <Filter>Header Files</Filter>
    </ClInclude>
    <ClInclude Include="readResources.h">
      <Filter>Header Files</Filter>
    </ClInclude>
    <ClInclude Include="readSecondarySkillsVector.h">
      <Filter>Header Files</Filter>
    </ClInclude>
    <ClInclude Include="readTimedEventBase.h">
      <Filter>Header Files</Filter>
    </ClInclude>
    <ClInclude Include="readQuest.h">
      <Filter>Header Files</Filter>
    </ClInclude>
    <ClInclude Include="readCreatureStack.h">
      <Filter>Header Files</Filter>
    </ClInclude>
    <ClInclude Include="readReward.h">
      <Filter>Header Files</Filter>
    </ClInclude>
    <ClInclude Include="readVictoryCondition.h">
      <Filter>Header Files</Filter>
    </ClInclude>
    <ClInclude Include="IntegerWidth.h">
      <Filter>Header Files</Filter>
    </ClInclude>
    <ClInclude Include="parseh3c.h">
      <Filter>Header Files</Filter>
    </ClInclude>
  </ItemGroup>
  <ItemGroup>
    <ClCompile Include="parseh3m.cpp">
      <Filter>Source Files</Filter>
    </ClCompile>
    <ClCompile Include="readObjectDetails.cpp">
      <Filter>Source Files</Filter>
    </ClCompile>
    <ClCompile Include="Utils.cpp">
      <Filter>Source Files</Filter>
    </ClCompile>
    <ClCompile Include="readHeroArtifacts.cpp">
      <Filter>Source Files</Filter>
    </ClCompile>
    <ClCompile Include="readPrimarySkills.cpp">
      <Filter>Source Files</Filter>
    </ClCompile>
    <ClCompile Include="readSecondarySkillsVector.cpp">
      <Filter>Source Files</Filter>
    </ClCompile>
    <ClCompile Include="readTimedEventBase.cpp">
      <Filter>Source Files</Filter>
    </ClCompile>
    <ClCompile Include="readQuest.cpp">
      <Filter>Source Files</Filter>
    </ClCompile>
    <ClCompile Include="readCreatureStack.cpp">
      <Filter>Source Files</Filter>
    </ClCompile>
    <ClCompile Include="readReward.cpp">
      <Filter>Source Files</Filter>
    </ClCompile>
    <ClCompile Include="readVictoryCondition.cpp">
      <Filter>Source Files</Filter>
    </ClCompile>
    <ClCompile Include="parseh3c.cpp">
      <Filter>Source Files</Filter>
    </ClCompile>
  </ItemGroup>
</Project>