<?xml version="1.0" encoding="utf-8"?>
<Project ToolsVersion="4.0" xmlns="http://schemas.microsoft.com/developer/msbuild/2003">
  <ItemGroup>
    <Filter Include="Source Files">
      <UniqueIdentifier>{4FC737F1-C7A5-4376-A066-2A32D752A2FF}</UniqueIdentifier>
      <Extensions>cpp;c;cc;cxx;c++;cppm;ixx;def;odl;idl;hpj;bat;asm;asmx</Extensions>
    </Filter>
    <Filter Include="Header Files">
      <UniqueIdentifier>{93995380-89BD-4b04-88EB-625FBE52EBFB}</UniqueIdentifier>
      <Extensions>h;hh;hpp;hxx;h++;hm;inl;inc;ipp;xsd</Extensions>
    </Filter>
    <Filter Include="Resource Files">
      <UniqueIdentifier>{67DA6AB6-F800-4c08-8B7A-83BB121AAD01}</UniqueIdentifier>
      <Extensions>rc;ico;cur;bmp;dlg;rc2;rct;bin;rgs;gif;jpg;jpeg;jpe;resx;tiff;tif;png;wav;mfcribbon-ms</Extensions>
    </Filter>
  </ItemGroup>
  <ItemGroup>
    <ClInclude Include="readH3mJson.h">
      <Filter>Header Files</Filter>
    </ClInclude>
    <ClInclude Include="Utils.h">
      <Filter>Header Files</Filter>
    </ClInclude>
    <ClInclude Include="H3JsonReader.h">
      <Filter>Header Files</Filter>
    </ClInclude>
    <ClInclude Include="readH3cJson.h">
      <Filter>Header Files</Filter>
    </ClInclude>
    <ClInclude Include="readH3Json.h">
      <Filter>Header Files</Filter>
    </ClInclude>
  </ItemGroup>
  <ItemGroup>
    <ClCompile Include="readH3mJson.cpp">
      <Filter>Source Files</Filter>
    </ClCompile>
    <ClCompile Include="readTimedEventBase.cpp">
      <Filter>Source Files</Filter>
    </ClCompile>
    <ClCompile Include="readObjectDetails.cpp">
      <Filter>Source Files</Filter>
    </ClCompile>
    <ClCompile Include="readQuest.cpp">
      <Filter>Source Files</Filter>
    </ClCompile>
    <ClCompile Include="readReward.cpp">
      <Filter>Source Files</Filter>
    </ClCompile>
    <ClCompile Include="readCreatureStack.cpp">
      <Filter>Source Files</Filter>
    </ClCompile>
    <ClCompile Include="readHeroArtifacts.cpp">
      <Filter>Source Files</Filter>
    </ClCompile>
    <ClCompile Include="readResources.cpp">
      <Filter>Source Files</Filter>
    </ClCompile>
    <ClCompile Include="readSecondarySkill.cpp">
      <Filter>Source Files</Filter>
    </ClCompile>
    <ClCompile Include="readTile.cpp">
      <Filter>Source Files</Filter>
    </ClCompile>
    <ClCompile Include="readPrimarySkills.cpp">
      <Filter>Source Files</Filter>
    </ClCompile>
    <ClCompile Include="readMapBasicInfo.cpp">
      <Filter>Source Files</Filter>
    </ClCompile>
    <ClCompile Include="readGlobalEvent.cpp">
      <Filter>Source Files</Filter>
    </ClCompile>
    <ClCompile Include="readObjectTemplate.cpp">
      <Filter>Source Files</Filter>
    </ClCompile>
    <ClCompile Include="readHeroSettings.cpp">
      <Filter>Source Files</Filter>
    </ClCompile>
    <ClCompile Include="readMapAdditionalInfo.cpp">
      <Filter>Source Files</Filter>
    </ClCompile>
    <ClCompile Include="readPlayerSpecs.cpp">
      <Filter>Source Files</Filter>
    </ClCompile>
    <ClCompile Include="readTownsBitmask.cpp">
      <Filter>Source Files</Filter>
    </ClCompile>
    <ClCompile Include="Utils.cpp">
      <Filter>Source Files</Filter>
    </ClCompile>
    <ClCompile Include="readSpellsBitmask.cpp">
      <Filter>Source Files</Filter>
    </ClCompile>
    <ClCompile Include="readSecondarySkillsBitmask.cpp">
      <Filter>Source Files</Filter>
    </ClCompile>
    <ClCompile Include="readArtifactsBitmask.cpp">
      <Filter>Source Files</Filter>
    </ClCompile>
    <ClCompile Include="readPlayersBitmask.cpp">
      <Filter>Source Files</Filter>
    </ClCompile>
    <ClCompile Include="readMap.cpp">
      <Filter>Source Files</Filter>
    </ClCompile>
    <ClCompile Include="readLossCondition.cpp">
      <Filter>Source Files</Filter>
    </ClCompile>
    <ClCompile Include="readVictoryCondition.cpp">
      <Filter>Source Files</Filter>
    </ClCompile>
    <ClCompile Include="readTerrainsBitmask.cpp">
      <Filter>Source Files</Filter>
    </ClCompile>
    <ClCompile Include="readCampaign.cpp">
      <Filter>Source Files</Filter>
    </ClCompile>
    <ClCompile Include="readStartingOptions.cpp">
      <Filter>Source Files</Filter>
    </ClCompile>
    <ClCompile Include="readH3cJson.cpp">
      <Filter>Source Files</Filter>
    </ClCompile>
    <ClCompile Include="readH3Json.cpp">
      <Filter>Source Files</Filter>
    </ClCompile>
    <ClCompile Include="readStartingBonus.cpp">
      <Filter>Source Files</Filter>
    </ClCompile>
  </ItemGroup>
</Project>