<?xml version="1.0" encoding="utf-8"?>
<Project ToolsVersion="4.0" xmlns="http://schemas.microsoft.com/developer/msbuild/2003">
  <ItemGroup>
    <Filter Include="Source Files">
      <UniqueIdentifier>{4FC737F1-C7A5-4376-A066-2A32D752A2FF}</UniqueIdentifier>
      <Extensions>cpp;c;cc;cxx;c++;cppm;ixx;def;odl;idl;hpj;bat;asm;asmx</Extensions>
    </Filter>
    <Filter Include="Header Files">
      <UniqueIdentifier>{93995380-89BD-4b04-88EB-625FBE52EBFB}</UniqueIdentifier>
      <Extensions>h;hh;hpp;hxx;h++;hm;inl;inc;ipp;xsd</Extensions>
    </Filter>
    <Filter Include="Resource Files">
      <UniqueIdentifier>{67DA6AB6-F800-4c08-8B7A-83BB121AAD01}</UniqueIdentifier>
      <Extensions>rc;ico;cur;bmp;dlg;rc2;rct;bin;rgs;gif;jpg;jpeg;jpe;resx;tiff;tif;png;wav;mfcribbon-ms</Extensions>
    </Filter>
    <Filter Include="Header Files\Constants">
      <UniqueIdentifier>{08114f48-c7fe-4f93-82f1-f667dfe8f4d9}</UniqueIdentifier>
    </Filter>
    <Filter Include="Header Files\Utils">
      <UniqueIdentifier>{ca6681d9-7d72-4e9e-bf3f-0a1fbddbaac9}</UniqueIdentifier>
    </Filter>
  </ItemGroup>
  <ItemGroup>
    <ClInclude Include="Constants\Constants.h">
      <Filter>Header Files\Constants</Filter>
    </ClInclude>
    <ClInclude Include="Constants\CreatureType.h">
      <Filter>Header Files\Constants</Filter>
    </ClInclude>
    <ClInclude Include="Constants\Disposition.h">
      <Filter>Header Files\Constants</Filter>
    </ClInclude>
    <ClInclude Include="Constants\Formation.h">
      <Filter>Header Files\Constants</Filter>
    </ClInclude>
    <ClInclude Include="Constants\Gender.h">
      <Filter>Header Files\Constants</Filter>
    </ClInclude>
    <ClInclude Include="Constants\HeroType.h">
      <Filter>Header Files\Constants</Filter>
    </ClInclude>
    <ClInclude Include="Constants\LossConditionType.h">
      <Filter>Header Files\Constants</Filter>
    </ClInclude>
    <ClInclude Include="Constants\MapDifficulty.h">
      <Filter>Header Files\Constants</Filter>
    </ClInclude>
    <ClInclude Include="Constants\MapFormat.h">
      <Filter>Header Files\Constants</Filter>
    </ClInclude>
    <ClInclude Include="Constants\MetaObjectType.h">
      <Filter>Header Files\Constants</Filter>
    </ClInclude>
    <ClInclude Include="Constants\ObjectClass.h">
      <Filter>Header Files\Constants</Filter>
    </ClInclude>
    <ClInclude Include="Constants\ObjectGroup.h">
      <Filter>Header Files\Constants</Filter>
    </ClInclude>
    <ClInclude Include="Constants\PlayerBehavior.h">
      <Filter>Header Files\Constants</Filter>
    </ClInclude>
    <ClInclude Include="Constants\ResourceType.h">
      <Filter>Header Files\Constants</Filter>
    </ClInclude>
    <ClInclude Include="Constants\RiverType.h">
      <Filter>Header Files\Constants</Filter>
    </ClInclude>
    <ClInclude Include="Constants\RoadType.h">
      <Filter>Header Files\Constants</Filter>
    </ClInclude>
    <ClInclude Include="Constants\ScholarRewardType.h">
      <Filter>Header Files\Constants</Filter>
    </ClInclude>
    <ClInclude Include="Constants\SecondarySkillType.h">
      <Filter>Header Files\Constants</Filter>
    </ClInclude>
    <ClInclude Include="Constants\SpellType.h">
      <Filter>Header Files\Constants</Filter>
    </ClInclude>
    <ClInclude Include="Constants\TerrainType.h">
      <Filter>Header Files\Constants</Filter>
    </ClInclude>
    <ClInclude Include="Constants\TownType.h">
      <Filter>Header Files\Constants</Filter>
    </ClInclude>
    <ClInclude Include="Constants\VictoryConditionType.h">
      <Filter>Header Files\Constants</Filter>
    </ClInclude>
    <ClInclude Include="CreatureStack.h">
      <Filter>Header Files</Filter>
    </ClInclude>
    <ClInclude Include="GlobalEvent.h">
      <Filter>Header Files</Filter>
    </ClInclude>
    <ClInclude Include="HeroArtifacts.h">
      <Filter>Header Files</Filter>
    </ClInclude>
    <ClInclude Include="HeroSettings.h">
      <Filter>Header Files</Filter>
    </ClInclude>
    <ClInclude Include="LossCondition.h">
      <Filter>Header Files</Filter>
    </ClInclude>
    <ClInclude Include="Map.h">
      <Filter>Header Files</Filter>
    </ClInclude>
    <ClInclude Include="MapAdditionalInfo.h">
      <Filter>Header Files</Filter>
    </ClInclude>
    <ClInclude Include="MapBasicInfo.h">
      <Filter>Header Files</Filter>
    </ClInclude>
    <ClInclude Include="Object.h">
      <Filter>Header Files</Filter>
    </ClInclude>
    <ClInclude Include="PlayerSpecs.h">
      <Filter>Header Files</Filter>
    </ClInclude>
    <ClInclude Include="PrimarySkills.h">
      <Filter>Header Files</Filter>
    </ClInclude>
    <ClInclude Include="SecondarySkill.h">
      <Filter>Header Files</Filter>
    </ClInclude>
    <ClInclude Include="Tile.h">
      <Filter>Header Files</Filter>
    </ClInclude>
    <ClInclude Include="VictoryCondition.h">
      <Filter>Header Files</Filter>
    </ClInclude>
    <ClInclude Include="Constants\PlayerColor.h">
      <Filter>Header Files\Constants</Filter>
    </ClInclude>
    <ClInclude Include="Constants\QuestType.h">
      <Filter>Header Files\Constants</Filter>
    </ClInclude>
    <ClInclude Include="Quest.h">
      <Filter>Header Files</Filter>
    </ClInclude>
    <ClInclude Include="Constants\ArtifactType.h">
      <Filter>Header Files\Constants</Filter>
    </ClInclude>
    <ClInclude Include="Resources.h">
      <Filter>Header Files</Filter>
    </ClInclude>
    <ClInclude Include="Constants\RewardType.h">
      <Filter>Header Files\Constants</Filter>
    </ClInclude>
    <ClInclude Include="Reward.h">
      <Filter>Header Files</Filter>
    </ClInclude>
    <ClInclude Include="Constants\PrimarySkillType.h">
      <Filter>Header Files\Constants</Filter>
    </ClInclude>
    <ClInclude Include="Utils\BitSet.h">
      <Filter>Header Files\Utils</Filter>
    </ClInclude>
    <ClInclude Include="Utils\ReservedData.h">
      <Filter>Header Files\Utils</Filter>
    </ClInclude>
    <ClInclude Include="ObjectProperties.h">
      <Filter>Header Files</Filter>
    </ClInclude>
    <ClInclude Include="TimedEventBase.h">
      <Filter>Header Files</Filter>
    </ClInclude>
    <ClInclude Include="Constants\HeroPortrait.h">
      <Filter>Header Files\Constants</Filter>
    </ClInclude>
    <ClInclude Include="Constants\SecondarySkillLevel.h">
      <Filter>Header Files\Constants</Filter>
    </ClInclude>
    <ClInclude Include="MapFwd.h">
      <Filter>Header Files</Filter>
    </ClInclude>
    <ClInclude Include="Utils\EnumSequence.h">
      <Filter>Header Files\Utils</Filter>
    </ClInclude>
    <ClInclude Include="Utils\EnumBitmask.h">
      <Filter>Header Files\Utils</Filter>
    </ClInclude>
    <ClInclude Include="Constants\TownBuildingType.h">
      <Filter>Header Files\Constants</Filter>
    </ClInclude>
    <ClInclude Include="ObjectTemplate.h">
      <Filter>Header Files</Filter>
    </ClInclude>
    <ClInclude Include="ObjectPropertiesVariant.h">
      <Filter>Header Files</Filter>
    </ClInclude>
  </ItemGroup>
</Project>