<?xml version="1.0" encoding="utf-8"?>
<Project ToolsVersion="4.0" xmlns="http://schemas.microsoft.com/developer/msbuild/2003">
  <ItemGroup>
    <Filter Include="Source Files">
      <UniqueIdentifier>{4FC737F1-C7A5-4376-A066-2A32D752A2FF}</UniqueIdentifier>
      <Extensions>cpp;c;cc;cxx;c++;cppm;ixx;def;odl;idl;hpj;bat;asm;asmx</Extensions>
    </Filter>
    <Filter Include="Header Files">
      <UniqueIdentifier>{93995380-89BD-4b04-88EB-625FBE52EBFB}</UniqueIdentifier>
      <Extensions>h;hh;hpp;hxx;h++;hm;inl;inc;ipp;xsd</Extensions>
    </Filter>
    <Filter Include="Resource Files">
      <UniqueIdentifier>{67DA6AB6-F800-4c08-8B7A-83BB121AAD01}</UniqueIdentifier>
      <Extensions>rc;ico;cur;bmp;dlg;rc2;rct;bin;rgs;gif;jpg;jpeg;jpe;resx;tiff;tif;png;wav;mfcribbon-ms</Extensions>
    </Filter>
  </ItemGroup>
  <ItemGroup>
    <ClCompile Include="writeH3mJson.cpp">
      <Filter>Source Files</Filter>
    </ClCompile>
    <ClCompile Include="getEnumString.cpp">
      <Filter>Source Files</Filter>
    </ClCompile>
    <ClCompile Include="writeTimedEventBase.cpp">
      <Filter>Source Files</Filter>
    </ClCompile>
    <ClCompile Include="writeMap.cpp">
      <Filter>Source Files</Filter>
    </ClCompile>
    <ClCompile Include="writeH3cJson.cpp">
      <Filter>Source Files</Filter>
    </ClCompile>
    <ClCompile Include="writeArtifactsBitmask.cpp">
      <Filter>Source Files</Filter>
    </ClCompile>
    <ClCompile Include="writeCreatureStack.cpp">
      <Filter>Source Files</Filter>
    </ClCompile>
    <ClCompile Include="writeHeroArtifacts.cpp">
      <Filter>Source Files</Filter>
    </ClCompile>
    <ClCompile Include="writePrimarySkills.cpp">
      <Filter>Source Files</Filter>
    </ClCompile>
    <ClCompile Include="writeResources.cpp">
      <Filter>Source Files</Filter>
    </ClCompile>
    <ClCompile Include="writeTile.cpp">
      <Filter>Source Files</Filter>
    </ClCompile>
    <ClCompile Include="writeSecondarySkill.cpp">
      <Filter>Source Files</Filter>
    </ClCompile>
    <ClCompile Include="writeMapBasicInfo.cpp">
      <Filter>Source Files</Filter>
    </ClCompile>
    <ClCompile Include="writeObjectTemplate.cpp">
      <Filter>Source Files</Filter>
    </ClCompile>
    <ClCompile Include="writePlayersBitmask.cpp">
      <Filter>Source Files</Filter>
    </ClCompile>
    <ClCompile Include="writeGlobalEvent.cpp">
      <Filter>Source Files</Filter>
    </ClCompile>
    <ClCompile Include="writeTownsBitmask.cpp">
      <Filter>Source Files</Filter>
    </ClCompile>
    <ClCompile Include="writePlayerSpecs.cpp">
      <Filter>Source Files</Filter>
    </ClCompile>
    <ClCompile Include="writeSecondarySkillsBitmask.cpp">
      <Filter>Source Files</Filter>
    </ClCompile>
    <ClCompile Include="writeSpellsBitmask.cpp">
      <Filter>Source Files</Filter>
    </ClCompile>
    <ClCompile Include="writeQuest.cpp">
      <Filter>Source Files</Filter>
    </ClCompile>
    <ClCompile Include="writeMapAdditionalInfo.cpp">
      <Filter>Source Files</Filter>
    </ClCompile>
    <ClCompile Include="writeReward.cpp">
      <Filter>Source Files</Filter>
    </ClCompile>
  </ItemGroup>
  <ItemGroup>
    <ClInclude Include="writeH3mJson.h">
      <Filter>Header Files</Filter>
    </ClInclude>
    <ClInclude Include="writeVictoryCondition.h">
      <Filter>Header Files</Filter>
    </ClInclude>
    <ClInclude Include="writeLossCondition.h">
      <Filter>Header Files</Filter>
    </ClInclude>
    <ClInclude Include="writeObjectDetails.h">
      <Filter>Header Files</Filter>
    </ClInclude>
    <ClInclude Include="getEnumString.h">
      <Filter>Header Files</Filter>
    </ClInclude>
    <ClInclude Include="writeQuestDetails.h">
      <Filter>Header Files</Filter>
    </ClInclude>
    <ClInclude Include="writeRewardDetails.h">
      <Filter>Header Files</Filter>
    </ClInclude>
    <ClInclude Include="writeStartingBonus.h">
      <Filter>Header Files</Filter>
    </ClInclude>
    <ClInclude Include="writeStartingOptions.h">
      <Filter>Header Files</Filter>
    </ClInclude>
    <ClInclude Include="writeCampaign.h">
      <Filter>Header Files</Filter>
    </ClInclude>
    <ClInclude Include="writeH3cJson.h">
      <Filter>Header Files</Filter>
    </ClInclude>
    <ClInclude Include="H3JsonWriter.h">
      <Filter>Header Files</Filter>
    </ClInclude>
    <ClInclude Include="API.h">
      <Filter>Header Files</Filter>
    </ClInclude>
  </ItemGroup>
</Project>